// !$*UTF8*$!
{
	archiveVersion = 1;
	classes = {
	};
	objectVersion = 50;
	objects = {

/* Begin PBXBuildFile section */
		FA6351C725DBFA2B0016E13E /* AppDelegate.swift in Sources */ = {isa = PBXBuildFile; fileRef = FA6351C625DBFA2B0016E13E /* AppDelegate.swift */; };
		FA6351C925DBFA2B0016E13E /* SceneDelegate.swift in Sources */ = {isa = PBXBuildFile; fileRef = FA6351C825DBFA2B0016E13E /* SceneDelegate.swift */; };
		FA6351CB25DBFA2B0016E13E /* CalculateViewController.swift in Sources */ = {isa = PBXBuildFile; fileRef = FA6351CA25DBFA2B0016E13E /* CalculateViewController.swift */; };
		FA6351CE25DBFA2B0016E13E /* Main.storyboard in Resources */ = {isa = PBXBuildFile; fileRef = FA6351CC25DBFA2B0016E13E /* Main.storyboard */; };
		FA6351D025DBFA2C0016E13E /* Assets.xcassets in Resources */ = {isa = PBXBuildFile; fileRef = FA6351CF25DBFA2C0016E13E /* Assets.xcassets */; };
		FA6351D325DBFA2C0016E13E /* LaunchScreen.storyboard in Resources */ = {isa = PBXBuildFile; fileRef = FA6351D125DBFA2C0016E13E /* LaunchScreen.storyboard */; };
		FA6351E225DC018E0016E13E /* ResultViewController.swift in Sources */ = {isa = PBXBuildFile; fileRef = FA6351E125DC018E0016E13E /* ResultViewController.swift */; };
		FA6351E725DC10090016E13E /* BMI.swift in Sources */ = {isa = PBXBuildFile; fileRef = FA6351E625DC10090016E13E /* BMI.swift */; };
		FA6351EA25DC10250016E13E /* CalculatorBrain.swift in Sources */ = {isa = PBXBuildFile; fileRef = FA6351E925DC10250016E13E /* CalculatorBrain.swift */; };
/* End PBXBuildFile section */

/* Begin PBXFileReference section */
		FA6351C325DBFA2B0016E13E /* BMI Calculator.app */ = {isa = PBXFileReference; explicitFileType = wrapper.application; includeInIndex = 0; path = "BMI Calculator.app"; sourceTree = BUILT_PRODUCTS_DIR; };
		FA6351C625DBFA2B0016E13E /* AppDelegate.swift */ = {isa = PBXFileReference; lastKnownFileType = sourcecode.swift; path = AppDelegate.swift; sourceTree = "<group>"; };
		FA6351C825DBFA2B0016E13E /* SceneDelegate.swift */ = {isa = PBXFileReference; lastKnownFileType = sourcecode.swift; path = SceneDelegate.swift; sourceTree = "<group>"; };
		FA6351CA25DBFA2B0016E13E /* CalculateViewController.swift */ = {isa = PBXFileReference; lastKnownFileType = sourcecode.swift; path = CalculateViewController.swift; sourceTree = "<group>"; };
		FA6351CD25DBFA2B0016E13E /* Base */ = {isa = PBXFileReference; lastKnownFileType = file.storyboard; name = Base; path = Base.lproj/Main.storyboard; sourceTree = "<group>"; };
		FA6351CF25DBFA2C0016E13E /* Assets.xcassets */ = {isa = PBXFileReference; lastKnownFileType = folder.assetcatalog; path = Assets.xcassets; sourceTree = "<group>"; };
		FA6351D225DBFA2C0016E13E /* Base */ = {isa = PBXFileReference; lastKnownFileType = file.storyboard; name = Base; path = Base.lproj/LaunchScreen.storyboard; sourceTree = "<group>"; };
		FA6351D425DBFA2C0016E13E /* Info.plist */ = {isa = PBXFileReference; lastKnownFileType = text.plist.xml; path = Info.plist; sourceTree = "<group>"; };
		FA6351E125DC018E0016E13E /* ResultViewController.swift */ = {isa = PBXFileReference; lastKnownFileType = sourcecode.swift; path = ResultViewController.swift; sourceTree = "<group>"; };
		FA6351E625DC10090016E13E /* BMI.swift */ = {isa = PBXFileReference; lastKnownFileType = sourcecode.swift; path = BMI.swift; sourceTree = "<group>"; };
		FA6351E925DC10250016E13E /* CalculatorBrain.swift */ = {isa = PBXFileReference; lastKnownFileType = sourcecode.swift; path = CalculatorBrain.swift; sourceTree = "<group>"; };
/* End PBXFileReference section */

/* Begin PBXFrameworksBuildPhase section */
		FA6351C025DBFA2B0016E13E /* Frameworks */ = {
			isa = PBXFrameworksBuildPhase;
			buildActionMask = 2147483647;
			files = (
			);
			runOnlyForDeploymentPostprocessing = 0;
		};
/* End PBXFrameworksBuildPhase section */

/* Begin PBXGroup section */
		FA6351BA25DBFA2A0016E13E = {
			isa = PBXGroup;
			children = (
				FA6351C525DBFA2B0016E13E /* BMI Calculator */,
				FA6351C425DBFA2B0016E13E /* Products */,
			);
			sourceTree = "<group>";
		};
		FA6351C425DBFA2B0016E13E /* Products */ = {
			isa = PBXGroup;
			children = (
				FA6351C325DBFA2B0016E13E /* BMI Calculator.app */,
			);
			name = Products;
			sourceTree = "<group>";
		};
		FA6351C525DBFA2B0016E13E /* BMI Calculator */ = {
			isa = PBXGroup;
			children = (
				FA6351C625DBFA2B0016E13E /* AppDelegate.swift */,
				FA6351C825DBFA2B0016E13E /* SceneDelegate.swift */,
				FA6351DF25DBFAB10016E13E /* Model */,
				FA6351DB25DBFA8F0016E13E /* Views */,
				FA6351DD25DBFAA10016E13E /* Controllers */,
				FA6351CF25DBFA2C0016E13E /* Assets.xcassets */,
				FA6351D125DBFA2C0016E13E /* LaunchScreen.storyboard */,
				FA6351D425DBFA2C0016E13E /* Info.plist */,
			);
			path = "BMI Calculator";
			sourceTree = "<group>";
		};
		FA6351DB25DBFA8F0016E13E /* Views */ = {
			isa = PBXGroup;
			children = (
				FA6351CC25DBFA2B0016E13E /* Main.storyboard */,
			);
			path = Views;
			sourceTree = "<group>";
		};
		FA6351DD25DBFAA10016E13E /* Controllers */ = {
			isa = PBXGroup;
			children = (
				FA6351CA25DBFA2B0016E13E /* CalculateViewController.swift */,
				FA6351E125DC018E0016E13E /* ResultViewController.swift */,
			);
			path = Controllers;
			sourceTree = "<group>";
		};
		FA6351DF25DBFAB10016E13E /* Model */ = {
			isa = PBXGroup;
			children = (
				FA6351E625DC10090016E13E /* BMI.swift */,
				FA6351E925DC10250016E13E /* CalculatorBrain.swift */,
			);
			path = Model;
			sourceTree = "<group>";
		};
/* End PBXGroup section */

/* Begin PBXNativeTarget section */
		FA6351C225DBFA2B0016E13E /* BMI Calculator */ = {
			isa = PBXNativeTarget;
			buildConfigurationList = FA6351D725DBFA2C0016E13E /* Build configuration list for PBXNativeTarget "BMI Calculator" */;
			buildPhases = (
				FA6351BF25DBFA2B0016E13E /* Sources */,
				FA6351C025DBFA2B0016E13E /* Frameworks */,
				FA6351C125DBFA2B0016E13E /* Resources */,
			);
			buildRules = (
			);
			dependencies = (
			);
			name = "BMI Calculator";
			productName = "BMI Calculator";
			productReference = FA6351C325DBFA2B0016E13E /* BMI Calculator.app */;
			productType = "com.apple.product-type.application";
		};
/* End PBXNativeTarget section */

/* Begin PBXProject section */
		FA6351BB25DBFA2A0016E13E /* Project object */ = {
			isa = PBXProject;
			attributes = {
				LastSwiftUpdateCheck = 1240;
				LastUpgradeCheck = 1240;
				TargetAttributes = {
					FA6351C225DBFA2B0016E13E = {
						CreatedOnToolsVersion = 12.4;
					};
				};
			};
			buildConfigurationList = FA6351BE25DBFA2A0016E13E /* Build configuration list for PBXProject "BMI Calculator" */;
			compatibilityVersion = "Xcode 9.3";
			developmentRegion = en;
			hasScannedForEncodings = 0;
			knownRegions = (
				en,
				Base,
			);
			mainGroup = FA6351BA25DBFA2A0016E13E;
			productRefGroup = FA6351C425DBFA2B0016E13E /* Products */;
			projectDirPath = "";
			projectRoot = "";
			targets = (
				FA6351C225DBFA2B0016E13E /* BMI Calculator */,
			);
		};
/* End PBXProject section */

/* Begin PBXResourcesBuildPhase section */
		FA6351C125DBFA2B0016E13E /* Resources */ = {
			isa = PBXResourcesBuildPhase;
			buildActionMask = 2147483647;
			files = (
				FA6351D325DBFA2C0016E13E /* LaunchScreen.storyboard in Resources */,
				FA6351D025DBFA2C0016E13E /* Assets.xcassets in Resources */,
				FA6351CE25DBFA2B0016E13E /* Main.storyboard in Resources */,
			);
			runOnlyForDeploymentPostprocessing = 0;
		};
/* End PBXResourcesBuildPhase section */

/* Begin PBXSourcesBuildPhase section */
		FA6351BF25DBFA2B0016E13E /* Sources */ = {
			isa = PBXSourcesBuildPhase;
			buildActionMask = 2147483647;
			files = (
				FA6351EA25DC10250016E13E /* CalculatorBrain.swift in Sources */,
				FA6351E725DC10090016E13E /* BMI.swift in Sources */,
				FA6351CB25DBFA2B0016E13E /* CalculateViewController.swift in Sources */,
				FA6351C725DBFA2B0016E13E /* AppDelegate.swift in Sources */,
				FA6351C925DBFA2B0016E13E /* SceneDelegate.swift in Sources */,
				FA6351E225DC018E0016E13E /* ResultViewController.swift in Sources */,
			);
			runOnlyForDeploymentPostprocessing = 0;
		};
/* End PBXSourcesBuildPhase section */

/* Begin PBXVariantGroup section */
		FA6351CC25DBFA2B0016E13E /* Main.storyboard */ = {
			isa = PBXVariantGroup;
			children = (
				FA6351CD25DBFA2B0016E13E /* Base */,
			);
			name = Main.storyboard;
			sourceTree = "<group>";
		};
		FA6351D125DBFA2C0016E13E /* LaunchScreen.storyboard */ = {
			isa = PBXVariantGroup;
			children = (
				FA6351D225DBFA2C0016E13E /* Base */,
			);
			name = LaunchScreen.storyboard;
			sourceTree = "<group>";
		};
/* End PBXVariantGroup section */

/* Begin XCBuildConfiguration section */
		FA6351D525DBFA2C0016E13E /* Debug */ = {
			isa = XCBuildConfiguration;
			buildSettings = {
				ALWAYS_SEARCH_USER_PATHS = NO;
				CLANG_ANALYZER_NONNULL = YES;
				CLANG_ANALYZER_NUMBER_OBJECT_CONVERSION = YES_AGGRESSIVE;
				CLANG_CXX_LANGUAGE_STANDARD = "gnu++14";
				CLANG_CXX_LIBRARY = "libc++";
				CLANG_ENABLE_MODULES = YES;
				CLANG_ENABLE_OBJC_ARC = YES;
				CLANG_ENABLE_OBJC_WEAK = YES;
				CLANG_WARN_BLOCK_CAPTURE_AUTORELEASING = YES;
				CLANG_WARN_BOOL_CONVERSION = YES;
				CLANG_WARN_COMMA = YES;
				CLANG_WARN_CONSTANT_CONVERSION = YES;
				CLANG_WARN_DEPRECATED_OBJC_IMPLEMENTATIONS = YES;
				CLANG_WARN_DIRECT_OBJC_ISA_USAGE = YES_ERROR;
				CLANG_WARN_DOCUMENTATION_COMMENTS = YES;
				CLANG_WARN_EMPTY_BODY = YES;
				CLANG_WARN_ENUM_CONVERSION = YES;
				CLANG_WARN_INFINITE_RECURSION = YES;
				CLANG_WARN_INT_CONVERSION = YES;
				CLANG_WARN_NON_LITERAL_NULL_CONVERSION = YES;
				CLANG_WARN_OBJC_IMPLICIT_RETAIN_SELF = YES;
				CLANG_WARN_OBJC_LITERAL_CONVERSION = YES;
				CLANG_WARN_OBJC_ROOT_CLASS = YES_ERROR;
				CLANG_WARN_QUOTED_INCLUDE_IN_FRAMEWORK_HEADER = YES;
				CLANG_WARN_RANGE_LOOP_ANALYSIS = YES;
				CLANG_WARN_STRICT_PROTOTYPES = YES;
				CLANG_WARN_SUSPICIOUS_MOVE = YES;
				CLANG_WARN_UNGUARDED_AVAILABILITY = YES_AGGRESSIVE;
				CLANG_WARN_UNREACHABLE_CODE = YES;
				CLANG_WARN__DUPLICATE_METHOD_MATCH = YES;
				COPY_PHASE_STRIP = NO;
				DEBUG_INFORMATION_FORMAT = dwarf;
				ENABLE_STRICT_OBJC_MSGSEND = YES;
				ENABLE_TESTABILITY = YES;
				GCC_C_LANGUAGE_STANDARD = gnu11;
				GCC_DYNAMIC_NO_PIC = NO;
				GCC_NO_COMMON_BLOCKS = YES;
				GCC_OPTIMIZATION_LEVEL = 0;
				GCC_PREPROCESSOR_DEFINITIONS = (
					"DEBUG=1",
					"$(inherited)",
				);
				GCC_WARN_64_TO_32_BIT_CONVERSION = YES;
				GCC_WARN_ABOUT_RETURN_TYPE = YES_ERROR;
				GCC_WARN_UNDECLARED_SELECTOR = YES;
				GCC_WARN_UNINITIALIZED_AUTOS = YES_AGGRESSIVE;
				GCC_WARN_UNUSED_FUNCTION = YES;
				GCC_WARN_UNUSED_VARIABLE = YES;
				IPHONEOS_DEPLOYMENT_TARGET = 14.4;
				MTL_ENABLE_DEBUG_INFO = INCLUDE_SOURCE;
				MTL_FAST_MATH = YES;
				ONLY_ACTIVE_ARCH = YES;
				SDKROOT = iphoneos;
				SWIFT_ACTIVE_COMPILATION_CONDITIONS = DEBUG;
				SWIFT_OPTIMIZATION_LEVEL = "-Onone";
			};
			name = Debug;
		};
		FA6351D625DBFA2C0016E13E /* Release */ = {
			isa = XCBuildConfiguration;
			buildSettings = {
				ALWAYS_SEARCH_USER_PATHS = NO;
				CLANG_ANALYZER_NONNULL = YES;
				CLANG_ANALYZER_NUMBER_OBJECT_CONVERSION = YES_AGGRESSIVE;
				CLANG_CXX_LANGUAGE_STANDARD = "gnu++14";
				CLANG_CXX_LIBRARY = "libc++";
				CLANG_ENABLE_MODULES = YES;
				CLANG_ENABLE_OBJC_ARC = YES;
				CLANG_ENABLE_OBJC_WEAK = YES;
				CLANG_WARN_BLOCK_CAPTURE_AUTORELEASING = YES;
				CLANG_WARN_BOOL_CONVERSION = YES;
				CLANG_WARN_COMMA = YES;
				CLANG_WARN_CONSTANT_CONVERSION = YES;
				CLANG_WARN_DEPRECATED_OBJC_IMPLEMENTATIONS = YES;
				CLANG_WARN_DIRECT_OBJC_ISA_USAGE = YES_ERROR;
				CLANG_WARN_DOCUMENTATION_COMMENTS = YES;
				CLANG_WARN_EMPTY_BODY = YES;
				CLANG_WARN_ENUM_CONVERSION = YES;
				CLANG_WARN_INFINITE_RECURSION = YES;
				CLANG_WARN_INT_CONVERSION = YES;
				CLANG_WARN_NON_LITERAL_NULL_CONVERSION = YES;
				CLANG_WARN_OBJC_IMPLICIT_RETAIN_SELF = YES;
				CLANG_WARN_OBJC_LITERAL_CONVERSION = YES;
				CLANG_WARN_OBJC_ROOT_CLASS = YES_ERROR;
				CLANG_WARN_QUOTED_INCLUDE_IN_FRAMEWORK_HEADER = YES;
				CLANG_WARN_RANGE_LOOP_ANALYSIS = YES;
				CLANG_WARN_STRICT_PROTOTYPES = YES;
				CLANG_WARN_SUSPICIOUS_MOVE = YES;
				CLANG_WARN_UNGUARDED_AVAILABILITY = YES_AGGRESSIVE;
				CLANG_WARN_UNREACHABLE_CODE = YES;
				CLANG_WARN__DUPLICATE_METHOD_MATCH = YES;
				COPY_PHASE_STRIP = NO;
				DEBUG_INFORMATION_FORMAT = "dwarf-with-dsym";
				ENABLE_NS_ASSERTIONS = NO;
				ENABLE_STRICT_OBJC_MSGSEND = YES;
				GCC_C_LANGUAGE_STANDARD = gnu11;
				GCC_NO_COMMON_BLOCKS = YES;
				GCC_WARN_64_TO_32_BIT_CONVERSION = YES;
				GCC_WARN_ABOUT_RETURN_TYPE = YES_ERROR;
				GCC_WARN_UNDECLARED_SELECTOR = YES;
				GCC_WARN_UNINITIALIZED_AUTOS = YES_AGGRESSIVE;
				GCC_WARN_UNUSED_FUNCTION = YES;
				GCC_WARN_UNUSED_VARIABLE = YES;
				IPHONEOS_DEPLOYMENT_TARGET = 14.4;
				MTL_ENABLE_DEBUG_INFO = NO;
				MTL_FAST_MATH = YES;
				SDKROOT = iphoneos;
				SWIFT_COMPILATION_MODE = wholemodule;
				SWIFT_OPTIMIZATION_LEVEL = "-O";
				VALIDATE_PRODUCT = YES;
			};
			name = Release;
		};
		FA6351D825DBFA2C0016E13E /* Debug */ = {
			isa = XCBuildConfiguration;
			buildSettings = {
				ASSETCATALOG_COMPILER_APPICON_NAME = AppIcon;
				ASSETCATALOG_COMPILER_GLOBAL_ACCENT_COLOR_NAME = AccentColor;
				CODE_SIGN_STYLE = Automatic;
				DEVELOPMENT_TEAM = DVB9G9N66S;
				INFOPLIST_FILE = "BMI Calculator/Info.plist";
				LD_RUNPATH_SEARCH_PATHS = (
					"$(inherited)",
					"@executable_path/Frameworks",
				);
				PRODUCT_BUNDLE_IDENTIFIER = "tarranttino.BMI-Calculator";
				PRODUCT_NAME = "$(TARGET_NAME)";
				SWIFT_VERSION = 5.0;
				TARGETED_DEVICE_FAMILY = "1,2";
			};
			name = Debug;
		};
		FA6351D925DBFA2C0016E13E /* Release */ = {
			isa = XCBuildConfiguration;
			buildSettings = {
				ASSETCATALOG_COMPILER_APPICON_NAME = AppIcon;
				ASSETCATALOG_COMPILER_GLOBAL_ACCENT_COLOR_NAME = AccentColor;
				CODE_SIGN_STYLE = Automatic;
				DEVELOPMENT_TEAM = DVB9G9N66S;
				INFOPLIST_FILE = "BMI Calculator/Info.plist";
				LD_RUNPATH_SEARCH_PATHS = (
					"$(inherited)",
					"@executable_path/Frameworks",
				);
				PRODUCT_BUNDLE_IDENTIFIER = "tarranttino.BMI-Calculator";
				PRODUCT_NAME = "$(TARGET_NAME)";
				SWIFT_VERSION = 5.0;
				TARGETED_DEVICE_FAMILY = "1,2";
			};
			name = Release;
		};
/* End XCBuildConfiguration section */

/* Begin XCConfigurationList section */
		FA6351BE25DBFA2A0016E13E /* Build configuration list for PBXProject "BMI Calculator" */ = {
			isa = XCConfigurationList;
			buildConfigurations = (
				FA6351D525DBFA2C0016E13E /* Debug */,
				FA6351D625DBFA2C0016E13E /* Release */,
			);
			defaultConfigurationIsVisible = 0;
			defaultConfigurationName = Release;
		};
		FA6351D725DBFA2C0016E13E /* Build configuration list for PBXNativeTarget "BMI Calculator" */ = {
			isa = XCConfigurationList;
			buildConfigurations = (
				FA6351D825DBFA2C0016E13E /* Debug */,
				FA6351D925DBFA2C0016E13E /* Release */,
			);
			defaultConfigurationIsVisible = 0;
			defaultConfigurationName = Release;
		};
/* End XCConfigurationList section */
	};
	rootObject = FA6351BB25DBFA2A0016E13E /* Project object */;
}
